
Microsoft Visual Studio Solution File, Format Version 12.00
# Visual Studio Version 17
VisualStudioVersion = 17.3.32825.248
MinimumVisualStudioVersion = 10.0.40219.1
Project("{9A19103F-16F7-4668-BE54-9A1E7A4F7556}") = "DataPOC", "..\WebApiDataPOC\DataPOC.csproj", "{D373D7A9-3D4B-4988-8E0F-33BF25E057E0}"
EndProject
Project("{9A19103F-16F7-4668-BE54-9A1E7A4F7556}") = "BusinessManagerPOC", "BusinessManagerPOC\BusinessManagerPOC.csproj", "{722D3790-826F-45A1-98C5-69E92B15DF0D}"
EndProject
Project("{9A19103F-16F7-4668-BE54-9A1E7A4F7556}") = "DataPocWebApi", "DataPocWebApi\DataPocWebApi.csproj", "{8D10EA15-A896-46CB-A334-E5FBE50228A3}"
EndProject
Global
	GlobalSection(SolutionConfigurationPlatforms) = preSolution
		Debug|Any CPU = Debug|Any CPU
		Release|Any CPU = Release|Any CPU
	EndGlobalSection
	GlobalSection(ProjectConfigurationPlatforms) = postSolution
		{D373D7A9-3D4B-4988-8E0F-33BF25E057E0}.Debug|Any CPU.ActiveCfg = Debug|Any CPU
		{D373D7A9-3D4B-4988-8E0F-33BF25E057E0}.Debug|Any CPU.Build.0 = Debug|Any CPU
		{D373D7A9-3D4B-4988-8E0F-33BF25E057E0}.Release|Any CPU.ActiveCfg = Release|Any CPU
		{D373D7A9-3D4B-4988-8E0F-33BF25E057E0}.Release|Any CPU.Build.0 = Release|Any CPU
		{722D3790-826F-45A1-98C5-69E92B15DF0D}.Debug|Any CPU.ActiveCfg = Debug|Any CPU
		{722D3790-826F-45A1-98C5-69E92B15DF0D}.Debug|Any CPU.Build.0 = Debug|Any CPU
		{722D3790-826F-45A1-98C5-69E92B15DF0D}.Release|Any CPU.ActiveCfg = Release|Any CPU
		{722D3790-826F-45A1-98C5-69E92B15DF0D}.Release|Any CPU.Build.0 = Release|Any CPU
		{8D10EA15-A896-46CB-A334-E5FBE50228A3}.Debug|Any CPU.ActiveCfg = Debug|Any CPU
		{8D10EA15-A896-46CB-A334-E5FBE50228A3}.Debug|Any CPU.Build.0 = Debug|Any CPU
		{8D10EA15-A896-46CB-A334-E5FBE50228A3}.Release|Any CPU.ActiveCfg = Release|Any CPU
		{8D10EA15-A896-46CB-A334-E5FBE50228A3}.Release|Any CPU.Build.0 = Release|Any CPU
	EndGlobalSection
	GlobalSection(SolutionProperties) = preSolution
		HideSolutionNode = FALSE
	EndGlobalSection
	GlobalSection(ExtensibilityGlobals) = postSolution
		SolutionGuid = {3C2CBD5E-92BE-4345-98D2-AC99069F4ED7}
	EndGlobalSection
EndGlobal
